// !$*UTF8*$!
{
	archiveVersion = 1;
	classes = {
	};
	objectVersion = 51;
	objects = {

/* Begin PBXBuildFile section */
		32954590BDD997C520227DB6 /* Pods_PiBar.framework in Frameworks */ = {isa = PBXBuildFile; fileRef = 04F07DFA596CEEEADF9A90A0 /* Pods_PiBar.framework */; };
		4415D73424731FE0009E0B31 /* Structs.swift in Sources */ = {isa = PBXBuildFile; fileRef = 4415D73324731FE0009E0B31 /* Structs.swift */; };
		4415D73624747331009E0B31 /* Logging.swift in Sources */ = {isa = PBXBuildFile; fileRef = 4415D73524747331009E0B31 /* Logging.swift */; };
		441E78AE247E3AF300FBC7A0 /* AsyncOperation.swift in Sources */ = {isa = PBXBuildFile; fileRef = 441E78AD247E3AF300FBC7A0 /* AsyncOperation.swift */; };
		441E78B0247E3BC500FBC7A0 /* UpdatePiholeOperation.swift in Sources */ = {isa = PBXBuildFile; fileRef = 441E78AF247E3BC500FBC7A0 /* UpdatePiholeOperation.swift */; };
		441E78B4247E3F9400FBC7A0 /* ChangePiholeStatusOperation.swift in Sources */ = {isa = PBXBuildFile; fileRef = 441E78B3247E3F9400FBC7A0 /* ChangePiholeStatusOperation.swift */; };
		442F6F852471D334008F1101 /* README.md in Resources */ = {isa = PBXBuildFile; fileRef = 442F6F842471D334008F1101 /* README.md */; };
		442F6F872471E8DF008F1101 /* Extensions.swift in Sources */ = {isa = PBXBuildFile; fileRef = 442F6F862471E8DF008F1101 /* Extensions.swift */; };
		442F6F89247212D2008F1101 /* Preferences.swift in Sources */ = {isa = PBXBuildFile; fileRef = 442F6F88247212D1008F1101 /* Preferences.swift */; };
		442F6F8B24721523008F1101 /* PreferencesViewController.swift in Sources */ = {isa = PBXBuildFile; fileRef = 442F6F8A24721523008F1101 /* PreferencesViewController.swift */; };
		4438184E247DE31A009D9B3F /* AboutViewController.swift in Sources */ = {isa = PBXBuildFile; fileRef = 4438184D247DE31A009D9B3F /* AboutViewController.swift */; };
		44381850247DE41B009D9B3F /* AboutWindowController.swift in Sources */ = {isa = PBXBuildFile; fileRef = 4438184F247DE41B009D9B3F /* AboutWindowController.swift */; };
		449395D62471ABD600FA0C34 /* AppDelegate.swift in Sources */ = {isa = PBXBuildFile; fileRef = 449395D52471ABD600FA0C34 /* AppDelegate.swift */; };
		449395DA2471ABD700FA0C34 /* Assets.xcassets in Resources */ = {isa = PBXBuildFile; fileRef = 449395D92471ABD700FA0C34 /* Assets.xcassets */; };
		449395DD2471ABD700FA0C34 /* Main.storyboard in Resources */ = {isa = PBXBuildFile; fileRef = 449395DB2471ABD700FA0C34 /* Main.storyboard */; };
		449395E62471AC0700FA0C34 /* MainMenu.xib in Resources */ = {isa = PBXBuildFile; fileRef = 449395E52471AC0700FA0C34 /* MainMenu.xib */; };
		449395E82471AC9D00FA0C34 /* MainMenuController.swift in Sources */ = {isa = PBXBuildFile; fileRef = 449395E72471AC9D00FA0C34 /* MainMenuController.swift */; };
		449395EC2471B1EB00FA0C34 /* PreferencesWindowController.swift in Sources */ = {isa = PBXBuildFile; fileRef = 449395EB2471B1EB00FA0C34 /* PreferencesWindowController.swift */; };
		449395EE2471C47F00FA0C34 /* PiholeAPI.swift in Sources */ = {isa = PBXBuildFile; fileRef = 449395ED2471C47F00FA0C34 /* PiholeAPI.swift */; };
		44B6DAF2247C70F500D364EC /* PiholeSettingsViewController.swift in Sources */ = {isa = PBXBuildFile; fileRef = 44B6DAF1247C70F500D364EC /* PiholeSettingsViewController.swift */; };
		44FFB092247627B100DCEDEC /* PiBarManager.swift in Sources */ = {isa = PBXBuildFile; fileRef = 44FFB091247627B100DCEDEC /* PiBarManager.swift */; };
/* End PBXBuildFile section */

/* Begin PBXCopyFilesBuildPhase section */
		441E78AB247E21DE00FBC7A0 /* Embed Frameworks */ = {
			isa = PBXCopyFilesBuildPhase;
			buildActionMask = 2147483647;
			dstPath = "";
			dstSubfolderSpec = 10;
			files = (
			);
			name = "Embed Frameworks";
			runOnlyForDeploymentPostprocessing = 0;
		};
/* End PBXCopyFilesBuildPhase section */

/* Begin PBXFileReference section */
		04F07DFA596CEEEADF9A90A0 /* Pods_PiBar.framework */ = {isa = PBXFileReference; explicitFileType = wrapper.framework; includeInIndex = 0; path = Pods_PiBar.framework; sourceTree = BUILT_PRODUCTS_DIR; };
		08A4966FFD2196F42B1CA80F /* Pods-PiBar.release.xcconfig */ = {isa = PBXFileReference; includeInIndex = 1; lastKnownFileType = text.xcconfig; name = "Pods-PiBar.release.xcconfig"; path = "Target Support Files/Pods-PiBar/Pods-PiBar.release.xcconfig"; sourceTree = "<group>"; };
		4415D73324731FE0009E0B31 /* Structs.swift */ = {isa = PBXFileReference; lastKnownFileType = sourcecode.swift; path = Structs.swift; sourceTree = "<group>"; };
		4415D73524747331009E0B31 /* Logging.swift */ = {isa = PBXFileReference; fileEncoding = 4; lastKnownFileType = sourcecode.swift; path = Logging.swift; sourceTree = "<group>"; };
		441E78AD247E3AF300FBC7A0 /* AsyncOperation.swift */ = {isa = PBXFileReference; lastKnownFileType = sourcecode.swift; path = AsyncOperation.swift; sourceTree = "<group>"; };
		441E78AF247E3BC500FBC7A0 /* UpdatePiholeOperation.swift */ = {isa = PBXFileReference; lastKnownFileType = sourcecode.swift; path = UpdatePiholeOperation.swift; sourceTree = "<group>"; };
		441E78B3247E3F9400FBC7A0 /* ChangePiholeStatusOperation.swift */ = {isa = PBXFileReference; lastKnownFileType = sourcecode.swift; path = ChangePiholeStatusOperation.swift; sourceTree = "<group>"; };
		442F6F842471D334008F1101 /* README.md */ = {isa = PBXFileReference; fileEncoding = 4; lastKnownFileType = net.daringfireball.markdown; path = README.md; sourceTree = "<group>"; };
		442F6F862471E8DF008F1101 /* Extensions.swift */ = {isa = PBXFileReference; lastKnownFileType = sourcecode.swift; path = Extensions.swift; sourceTree = "<group>"; };
		442F6F88247212D1008F1101 /* Preferences.swift */ = {isa = PBXFileReference; lastKnownFileType = sourcecode.swift; path = Preferences.swift; sourceTree = "<group>"; };
		442F6F8A24721523008F1101 /* PreferencesViewController.swift */ = {isa = PBXFileReference; lastKnownFileType = sourcecode.swift; path = PreferencesViewController.swift; sourceTree = "<group>"; };
		4438184D247DE31A009D9B3F /* AboutViewController.swift */ = {isa = PBXFileReference; lastKnownFileType = sourcecode.swift; path = AboutViewController.swift; sourceTree = "<group>"; };
		4438184F247DE41B009D9B3F /* AboutWindowController.swift */ = {isa = PBXFileReference; lastKnownFileType = sourcecode.swift; path = AboutWindowController.swift; sourceTree = "<group>"; };
		449395D22471ABD600FA0C34 /* PiBar.app */ = {isa = PBXFileReference; explicitFileType = wrapper.application; includeInIndex = 0; path = PiBar.app; sourceTree = BUILT_PRODUCTS_DIR; };
		449395D52471ABD600FA0C34 /* AppDelegate.swift */ = {isa = PBXFileReference; lastKnownFileType = sourcecode.swift; path = AppDelegate.swift; sourceTree = "<group>"; };
		449395D92471ABD700FA0C34 /* Assets.xcassets */ = {isa = PBXFileReference; lastKnownFileType = folder.assetcatalog; path = Assets.xcassets; sourceTree = "<group>"; };
		449395DC2471ABD700FA0C34 /* Base */ = {isa = PBXFileReference; lastKnownFileType = file.storyboard; name = Base; path = Base.lproj/Main.storyboard; sourceTree = "<group>"; };
		449395DE2471ABD700FA0C34 /* Info.plist */ = {isa = PBXFileReference; lastKnownFileType = text.plist.xml; path = Info.plist; sourceTree = "<group>"; };
		449395DF2471ABD700FA0C34 /* PiBar.entitlements */ = {isa = PBXFileReference; lastKnownFileType = text.plist.entitlements; path = PiBar.entitlements; sourceTree = "<group>"; };
		449395E52471AC0700FA0C34 /* MainMenu.xib */ = {isa = PBXFileReference; lastKnownFileType = file.xib; path = MainMenu.xib; sourceTree = "<group>"; };
		449395E72471AC9D00FA0C34 /* MainMenuController.swift */ = {isa = PBXFileReference; lastKnownFileType = sourcecode.swift; path = MainMenuController.swift; sourceTree = "<group>"; };
		449395EB2471B1EB00FA0C34 /* PreferencesWindowController.swift */ = {isa = PBXFileReference; lastKnownFileType = sourcecode.swift; path = PreferencesWindowController.swift; sourceTree = "<group>"; };
		449395ED2471C47F00FA0C34 /* PiholeAPI.swift */ = {isa = PBXFileReference; lastKnownFileType = sourcecode.swift; path = PiholeAPI.swift; sourceTree = "<group>"; };
		44B6DAF1247C70F500D364EC /* PiholeSettingsViewController.swift */ = {isa = PBXFileReference; lastKnownFileType = sourcecode.swift; path = PiholeSettingsViewController.swift; sourceTree = "<group>"; };
		44FFB091247627B100DCEDEC /* PiBarManager.swift */ = {isa = PBXFileReference; lastKnownFileType = sourcecode.swift; path = PiBarManager.swift; sourceTree = "<group>"; };
		A8CE572444810D388817476D /* Pods-PiBar.debug.xcconfig */ = {isa = PBXFileReference; includeInIndex = 1; lastKnownFileType = text.xcconfig; name = "Pods-PiBar.debug.xcconfig"; path = "Target Support Files/Pods-PiBar/Pods-PiBar.debug.xcconfig"; sourceTree = "<group>"; };
/* End PBXFileReference section */

/* Begin PBXFrameworksBuildPhase section */
		449395CF2471ABD600FA0C34 /* Frameworks */ = {
			isa = PBXFrameworksBuildPhase;
			buildActionMask = 2147483647;
			files = (
				32954590BDD997C520227DB6 /* Pods_PiBar.framework in Frameworks */,
			);
			runOnlyForDeploymentPostprocessing = 0;
		};
/* End PBXFrameworksBuildPhase section */

/* Begin PBXGroup section */
		214831E348424C32082556DF /* Pods */ = {
			isa = PBXGroup;
			children = (
				A8CE572444810D388817476D /* Pods-PiBar.debug.xcconfig */,
				08A4966FFD2196F42B1CA80F /* Pods-PiBar.release.xcconfig */,
			);
			path = Pods;
			sourceTree = "<group>";
		};
		4415D73224731E2F009E0B31 /* Data Sources */ = {
			isa = PBXGroup;
			children = (
				4415D73324731FE0009E0B31 /* Structs.swift */,
				449395ED2471C47F00FA0C34 /* PiholeAPI.swift */,
				442F6F88247212D1008F1101 /* Preferences.swift */,
			);
			path = "Data Sources";
			sourceTree = "<group>";
		};
		441E78A6247DE6CB00FBC7A0 /* Views */ = {
			isa = PBXGroup;
			children = (
				449395DB2471ABD700FA0C34 /* Main.storyboard */,
				449395E92471B10500FA0C34 /* Main Menu */,
				442F6F8C24723D60008F1101 /* Preferences */,
				44381851247DE467009D9B3F /* About */,
			);
			path = Views;
			sourceTree = "<group>";
		};
		441E78B1247E3ECB00FBC7A0 /* Operations */ = {
			isa = PBXGroup;
			children = (
				441E78AD247E3AF300FBC7A0 /* AsyncOperation.swift */,
				441E78AF247E3BC500FBC7A0 /* UpdatePiholeOperation.swift */,
				441E78B3247E3F9400FBC7A0 /* ChangePiholeStatusOperation.swift */,
			);
			path = Operations;
			sourceTree = "<group>";
		};
		441E78B2247E3ED700FBC7A0 /* Manager */ = {
			isa = PBXGroup;
			children = (
				441E78B1247E3ECB00FBC7A0 /* Operations */,
				44FFB091247627B100DCEDEC /* PiBarManager.swift */,
			);
			path = Manager;
			sourceTree = "<group>";
		};
		442F6F8C24723D60008F1101 /* Preferences */ = {
			isa = PBXGroup;
			children = (
				442F6F8A24721523008F1101 /* PreferencesViewController.swift */,
				449395EB2471B1EB00FA0C34 /* PreferencesWindowController.swift */,
				44B6DAF1247C70F500D364EC /* PiholeSettingsViewController.swift */,
			);
			path = Preferences;
			sourceTree = "<group>";
		};
		44381851247DE467009D9B3F /* About */ = {
			isa = PBXGroup;
			children = (
				4438184D247DE31A009D9B3F /* AboutViewController.swift */,
				4438184F247DE41B009D9B3F /* AboutWindowController.swift */,
			);
			path = About;
			sourceTree = "<group>";
		};
		449395C92471ABD600FA0C34 = {
			isa = PBXGroup;
			children = (
				442F6F842471D334008F1101 /* README.md */,
				449395D42471ABD600FA0C34 /* PiBar */,
				449395D32471ABD600FA0C34 /* Products */,
				214831E348424C32082556DF /* Pods */,
				913B94517DDE1EF8E0C98FB2 /* Frameworks */,
			);
			sourceTree = "<group>";
		};
		449395D32471ABD600FA0C34 /* Products */ = {
			isa = PBXGroup;
			children = (
				449395D22471ABD600FA0C34 /* PiBar.app */,
			);
			name = Products;
			sourceTree = "<group>";
		};
		449395D42471ABD600FA0C34 /* PiBar */ = {
			isa = PBXGroup;
			children = (
				449395DE2471ABD700FA0C34 /* Info.plist */,
				449395DF2471ABD700FA0C34 /* PiBar.entitlements */,
				449395D92471ABD700FA0C34 /* Assets.xcassets */,
				449395D52471ABD600FA0C34 /* AppDelegate.swift */,
				441E78B2247E3ED700FBC7A0 /* Manager */,
				4415D73224731E2F009E0B31 /* Data Sources */,
				441E78A6247DE6CB00FBC7A0 /* Views */,
				44AC125F2476F1F300851ED9 /* Utilities */,
			);
			path = PiBar;
			sourceTree = "<group>";
		};
		449395E92471B10500FA0C34 /* Main Menu */ = {
			isa = PBXGroup;
			children = (
				449395E72471AC9D00FA0C34 /* MainMenuController.swift */,
				449395E52471AC0700FA0C34 /* MainMenu.xib */,
			);
			path = "Main Menu";
			sourceTree = "<group>";
		};
		44AC125F2476F1F300851ED9 /* Utilities */ = {
			isa = PBXGroup;
			children = (
				442F6F862471E8DF008F1101 /* Extensions.swift */,
				4415D73524747331009E0B31 /* Logging.swift */,
			);
			path = Utilities;
			sourceTree = "<group>";
		};
		913B94517DDE1EF8E0C98FB2 /* Frameworks */ = {
			isa = PBXGroup;
			children = (
				04F07DFA596CEEEADF9A90A0 /* Pods_PiBar.framework */,
			);
			name = Frameworks;
			sourceTree = "<group>";
		};
/* End PBXGroup section */

/* Begin PBXNativeTarget section */
		449395D12471ABD600FA0C34 /* PiBar */ = {
			isa = PBXNativeTarget;
			buildConfigurationList = 449395E22471ABD700FA0C34 /* Build configuration list for PBXNativeTarget "PiBar" */;
			buildPhases = (
				44B6DAF3247CC9A000D364EC /* Increment Build Number */,
				556BA81D41547EB1F3EC6986 /* [CP] Check Pods Manifest.lock */,
				449395CE2471ABD600FA0C34 /* Sources */,
				449395CF2471ABD600FA0C34 /* Frameworks */,
				449395D02471ABD600FA0C34 /* Resources */,
				4415D73124731CA2009E0B31 /* Run SwiftLint */,
				CF30F66DAC81C5868939E5C0 /* [CP] Embed Pods Frameworks */,
				441E78AB247E21DE00FBC7A0 /* Embed Frameworks */,
			);
			buildRules = (
			);
			dependencies = (
			);
			name = PiBar;
			packageProductDependencies = (
			);
			productName = PiBar;
			productReference = 449395D22471ABD600FA0C34 /* PiBar.app */;
			productType = "com.apple.product-type.application";
		};
/* End PBXNativeTarget section */

/* Begin PBXProject section */
		449395CA2471ABD600FA0C34 /* Project object */ = {
			isa = PBXProject;
			attributes = {
				LastSwiftUpdateCheck = 1140;
				LastUpgradeCheck = 1140;
				ORGANIZATIONNAME = "Brad Root";
				TargetAttributes = {
					449395D12471ABD600FA0C34 = {
						CreatedOnToolsVersion = 11.4.1;
					};
				};
			};
			buildConfigurationList = 449395CD2471ABD600FA0C34 /* Build configuration list for PBXProject "PiBar" */;
			compatibilityVersion = "Xcode 9.3";
			developmentRegion = en;
			hasScannedForEncodings = 0;
			knownRegions = (
				en,
				Base,
			);
			mainGroup = 449395C92471ABD600FA0C34;
			packageReferences = (
			);
			productRefGroup = 449395D32471ABD600FA0C34 /* Products */;
			projectDirPath = "";
			projectRoot = "";
			targets = (
				449395D12471ABD600FA0C34 /* PiBar */,
			);
		};
/* End PBXProject section */

/* Begin PBXResourcesBuildPhase section */
		449395D02471ABD600FA0C34 /* Resources */ = {
			isa = PBXResourcesBuildPhase;
			buildActionMask = 2147483647;
			files = (
				449395DA2471ABD700FA0C34 /* Assets.xcassets in Resources */,
				449395DD2471ABD700FA0C34 /* Main.storyboard in Resources */,
				442F6F852471D334008F1101 /* README.md in Resources */,
				449395E62471AC0700FA0C34 /* MainMenu.xib in Resources */,
			);
			runOnlyForDeploymentPostprocessing = 0;
		};
/* End PBXResourcesBuildPhase section */

/* Begin PBXShellScriptBuildPhase section */
		4415D73124731CA2009E0B31 /* Run SwiftLint */ = {
			isa = PBXShellScriptBuildPhase;
			buildActionMask = 2147483647;
			files = (
			);
			inputFileListPaths = (
			);
			inputPaths = (
			);
			name = "Run SwiftLint";
			outputFileListPaths = (
			);
			outputPaths = (
			);
			runOnlyForDeploymentPostprocessing = 0;
			shellPath = /bin/sh;
			shellScript = "\"${PODS_ROOT}/SwiftLint/swiftlint\"\n";
		};
		44B6DAF3247CC9A000D364EC /* Increment Build Number */ = {
			isa = PBXShellScriptBuildPhase;
			buildActionMask = 2147483647;
			files = (
			);
			inputFileListPaths = (
			);
			inputPaths = (
			);
			name = "Increment Build Number";
			outputFileListPaths = (
			);
			outputPaths = (
			);
			runOnlyForDeploymentPostprocessing = 0;
			shellPath = /bin/sh;
			shellScript = "#buildNumber=$(/usr/libexec/PlistBuddy -c \"Print CFBundleVersion\" \"${PROJECT_DIR}/${INFOPLIST_FILE}\")\n#buildNumber=$(($buildNumber + 1))\n#/usr/libexec/PlistBuddy -c \"Set :CFBundleVersion $buildNumber\" \"${PROJECT_DIR}/${INFOPLIST_FILE}\"\n";
		};
		556BA81D41547EB1F3EC6986 /* [CP] Check Pods Manifest.lock */ = {
			isa = PBXShellScriptBuildPhase;
			buildActionMask = 2147483647;
			files = (
			);
			inputFileListPaths = (
			);
			inputPaths = (
				"${PODS_PODFILE_DIR_PATH}/Podfile.lock",
				"${PODS_ROOT}/Manifest.lock",
			);
			name = "[CP] Check Pods Manifest.lock";
			outputFileListPaths = (
			);
			outputPaths = (
				"$(DERIVED_FILE_DIR)/Pods-PiBar-checkManifestLockResult.txt",
			);
			runOnlyForDeploymentPostprocessing = 0;
			shellPath = /bin/sh;
			shellScript = "diff \"${PODS_PODFILE_DIR_PATH}/Podfile.lock\" \"${PODS_ROOT}/Manifest.lock\" > /dev/null\nif [ $? != 0 ] ; then\n    # print error to STDERR\n    echo \"error: The sandbox is not in sync with the Podfile.lock. Run 'pod install' or update your CocoaPods installation.\" >&2\n    exit 1\nfi\n# This output is used by Xcode 'outputs' to avoid re-running this script phase.\necho \"SUCCESS\" > \"${SCRIPT_OUTPUT_FILE_0}\"\n";
			showEnvVarsInLog = 0;
		};
		CF30F66DAC81C5868939E5C0 /* [CP] Embed Pods Frameworks */ = {
			isa = PBXShellScriptBuildPhase;
			buildActionMask = 2147483647;
			files = (
			);
			inputFileListPaths = (
				"${PODS_ROOT}/Target Support Files/Pods-PiBar/Pods-PiBar-frameworks-${CONFIGURATION}-input-files.xcfilelist",
			);
			name = "[CP] Embed Pods Frameworks";
			outputFileListPaths = (
				"${PODS_ROOT}/Target Support Files/Pods-PiBar/Pods-PiBar-frameworks-${CONFIGURATION}-output-files.xcfilelist",
			);
			runOnlyForDeploymentPostprocessing = 0;
			shellPath = /bin/sh;
			shellScript = "\"${PODS_ROOT}/Target Support Files/Pods-PiBar/Pods-PiBar-frameworks.sh\"\n";
			showEnvVarsInLog = 0;
		};
/* End PBXShellScriptBuildPhase section */

/* Begin PBXSourcesBuildPhase section */
		449395CE2471ABD600FA0C34 /* Sources */ = {
			isa = PBXSourcesBuildPhase;
			buildActionMask = 2147483647;
			files = (
				4415D73424731FE0009E0B31 /* Structs.swift in Sources */,
				442F6F89247212D2008F1101 /* Preferences.swift in Sources */,
				442F6F872471E8DF008F1101 /* Extensions.swift in Sources */,
				44381850247DE41B009D9B3F /* AboutWindowController.swift in Sources */,
				449395EC2471B1EB00FA0C34 /* PreferencesWindowController.swift in Sources */,
				44B6DAF2247C70F500D364EC /* PiholeSettingsViewController.swift in Sources */,
				441E78AE247E3AF300FBC7A0 /* AsyncOperation.swift in Sources */,
				441E78B0247E3BC500FBC7A0 /* UpdatePiholeOperation.swift in Sources */,
				441E78B4247E3F9400FBC7A0 /* ChangePiholeStatusOperation.swift in Sources */,
				449395EE2471C47F00FA0C34 /* PiholeAPI.swift in Sources */,
				4438184E247DE31A009D9B3F /* AboutViewController.swift in Sources */,
				449395D62471ABD600FA0C34 /* AppDelegate.swift in Sources */,
				44FFB092247627B100DCEDEC /* PiBarManager.swift in Sources */,
				442F6F8B24721523008F1101 /* PreferencesViewController.swift in Sources */,
				4415D73624747331009E0B31 /* Logging.swift in Sources */,
				449395E82471AC9D00FA0C34 /* MainMenuController.swift in Sources */,
			);
			runOnlyForDeploymentPostprocessing = 0;
		};
/* End PBXSourcesBuildPhase section */

/* Begin PBXVariantGroup section */
		449395DB2471ABD700FA0C34 /* Main.storyboard */ = {
			isa = PBXVariantGroup;
			children = (
				449395DC2471ABD700FA0C34 /* Base */,
			);
			name = Main.storyboard;
			sourceTree = "<group>";
		};
/* End PBXVariantGroup section */

/* Begin XCBuildConfiguration section */
		449395E02471ABD700FA0C34 /* Debug */ = {
			isa = XCBuildConfiguration;
			buildSettings = {
				ALWAYS_SEARCH_USER_PATHS = NO;
				CLANG_ANALYZER_NONNULL = YES;
				CLANG_ANALYZER_NUMBER_OBJECT_CONVERSION = YES_AGGRESSIVE;
				CLANG_CXX_LANGUAGE_STANDARD = "gnu++14";
				CLANG_CXX_LIBRARY = "libc++";
				CLANG_ENABLE_MODULES = YES;
				CLANG_ENABLE_OBJC_ARC = YES;
				CLANG_ENABLE_OBJC_WEAK = YES;
				CLANG_WARN_BLOCK_CAPTURE_AUTORELEASING = YES;
				CLANG_WARN_BOOL_CONVERSION = YES;
				CLANG_WARN_COMMA = YES;
				CLANG_WARN_CONSTANT_CONVERSION = YES;
				CLANG_WARN_DEPRECATED_OBJC_IMPLEMENTATIONS = YES;
				CLANG_WARN_DIRECT_OBJC_ISA_USAGE = YES_ERROR;
				CLANG_WARN_DOCUMENTATION_COMMENTS = YES;
				CLANG_WARN_EMPTY_BODY = YES;
				CLANG_WARN_ENUM_CONVERSION = YES;
				CLANG_WARN_INFINITE_RECURSION = YES;
				CLANG_WARN_INT_CONVERSION = YES;
				CLANG_WARN_NON_LITERAL_NULL_CONVERSION = YES;
				CLANG_WARN_OBJC_IMPLICIT_RETAIN_SELF = YES;
				CLANG_WARN_OBJC_LITERAL_CONVERSION = YES;
				CLANG_WARN_OBJC_ROOT_CLASS = YES_ERROR;
				CLANG_WARN_RANGE_LOOP_ANALYSIS = YES;
				CLANG_WARN_STRICT_PROTOTYPES = YES;
				CLANG_WARN_SUSPICIOUS_MOVE = YES;
				CLANG_WARN_UNGUARDED_AVAILABILITY = YES_AGGRESSIVE;
				CLANG_WARN_UNREACHABLE_CODE = YES;
				CLANG_WARN__DUPLICATE_METHOD_MATCH = YES;
				COPY_PHASE_STRIP = NO;
				DEBUG_INFORMATION_FORMAT = dwarf;
				ENABLE_STRICT_OBJC_MSGSEND = YES;
				ENABLE_TESTABILITY = YES;
				GCC_C_LANGUAGE_STANDARD = gnu11;
				GCC_DYNAMIC_NO_PIC = NO;
				GCC_NO_COMMON_BLOCKS = YES;
				GCC_OPTIMIZATION_LEVEL = 0;
				GCC_PREPROCESSOR_DEFINITIONS = (
					"DEBUG=1",
					"$(inherited)",
				);
				GCC_WARN_64_TO_32_BIT_CONVERSION = YES;
				GCC_WARN_ABOUT_RETURN_TYPE = YES_ERROR;
				GCC_WARN_UNDECLARED_SELECTOR = YES;
				GCC_WARN_UNINITIALIZED_AUTOS = YES_AGGRESSIVE;
				GCC_WARN_UNUSED_FUNCTION = YES;
				GCC_WARN_UNUSED_VARIABLE = YES;
				MACOSX_DEPLOYMENT_TARGET = 10.12;
				MTL_ENABLE_DEBUG_INFO = INCLUDE_SOURCE;
				MTL_FAST_MATH = YES;
				ONLY_ACTIVE_ARCH = YES;
				SDKROOT = macosx;
				SWIFT_ACTIVE_COMPILATION_CONDITIONS = DEBUG;
				SWIFT_OPTIMIZATION_LEVEL = "-Onone";
			};
			name = Debug;
		};
		449395E12471ABD700FA0C34 /* Release */ = {
			isa = XCBuildConfiguration;
			buildSettings = {
				ALWAYS_SEARCH_USER_PATHS = NO;
				CLANG_ANALYZER_NONNULL = YES;
				CLANG_ANALYZER_NUMBER_OBJECT_CONVERSION = YES_AGGRESSIVE;
				CLANG_CXX_LANGUAGE_STANDARD = "gnu++14";
				CLANG_CXX_LIBRARY = "libc++";
				CLANG_ENABLE_MODULES = YES;
				CLANG_ENABLE_OBJC_ARC = YES;
				CLANG_ENABLE_OBJC_WEAK = YES;
				CLANG_WARN_BLOCK_CAPTURE_AUTORELEASING = YES;
				CLANG_WARN_BOOL_CONVERSION = YES;
				CLANG_WARN_COMMA = YES;
				CLANG_WARN_CONSTANT_CONVERSION = YES;
				CLANG_WARN_DEPRECATED_OBJC_IMPLEMENTATIONS = YES;
				CLANG_WARN_DIRECT_OBJC_ISA_USAGE = YES_ERROR;
				CLANG_WARN_DOCUMENTATION_COMMENTS = YES;
				CLANG_WARN_EMPTY_BODY = YES;
				CLANG_WARN_ENUM_CONVERSION = YES;
				CLANG_WARN_INFINITE_RECURSION = YES;
				CLANG_WARN_INT_CONVERSION = YES;
				CLANG_WARN_NON_LITERAL_NULL_CONVERSION = YES;
				CLANG_WARN_OBJC_IMPLICIT_RETAIN_SELF = YES;
				CLANG_WARN_OBJC_LITERAL_CONVERSION = YES;
				CLANG_WARN_OBJC_ROOT_CLASS = YES_ERROR;
				CLANG_WARN_RANGE_LOOP_ANALYSIS = YES;
				CLANG_WARN_STRICT_PROTOTYPES = YES;
				CLANG_WARN_SUSPICIOUS_MOVE = YES;
				CLANG_WARN_UNGUARDED_AVAILABILITY = YES_AGGRESSIVE;
				CLANG_WARN_UNREACHABLE_CODE = YES;
				CLANG_WARN__DUPLICATE_METHOD_MATCH = YES;
				COPY_PHASE_STRIP = NO;
				DEBUG_INFORMATION_FORMAT = "dwarf-with-dsym";
				ENABLE_NS_ASSERTIONS = NO;
				ENABLE_STRICT_OBJC_MSGSEND = YES;
				GCC_C_LANGUAGE_STANDARD = gnu11;
				GCC_NO_COMMON_BLOCKS = YES;
				GCC_WARN_64_TO_32_BIT_CONVERSION = YES;
				GCC_WARN_ABOUT_RETURN_TYPE = YES_ERROR;
				GCC_WARN_UNDECLARED_SELECTOR = YES;
				GCC_WARN_UNINITIALIZED_AUTOS = YES_AGGRESSIVE;
				GCC_WARN_UNUSED_FUNCTION = YES;
				GCC_WARN_UNUSED_VARIABLE = YES;
				MACOSX_DEPLOYMENT_TARGET = 10.12;
				MTL_ENABLE_DEBUG_INFO = NO;
				MTL_FAST_MATH = YES;
				SDKROOT = macosx;
				SWIFT_COMPILATION_MODE = wholemodule;
				SWIFT_OPTIMIZATION_LEVEL = "-O";
			};
			name = Release;
		};
		449395E32471ABD700FA0C34 /* Debug */ = {
			isa = XCBuildConfiguration;
			baseConfigurationReference = A8CE572444810D388817476D /* Pods-PiBar.debug.xcconfig */;
			buildSettings = {
				ASSETCATALOG_COMPILER_APPICON_NAME = AppIcon;
				CODE_SIGN_ENTITLEMENTS = PiBar/PiBar.entitlements;
				CODE_SIGN_IDENTITY = "Apple Development";
				"CODE_SIGN_IDENTITY[sdk=macosx*]" = "Apple Development";
				CODE_SIGN_STYLE = Automatic;
				COMBINE_HIDPI_IMAGES = YES;
				CURRENT_PROJECT_VERSION = 680;
				DEVELOPMENT_TEAM = 2Y9M69QJKZ;
				ENABLE_HARDENED_RUNTIME = YES;
				FRAMEWORK_SEARCH_PATHS = (
					"$(inherited)",
					"$(PROJECT_DIR)/Carthage/Build/Mac",
				);
				INFOPLIST_FILE = PiBar/Info.plist;
				LD_RUNPATH_SEARCH_PATHS = (
					"$(inherited)",
					"@executable_path/../Frameworks",
				);
				MACOSX_DEPLOYMENT_TARGET = 10.12;
				MARKETING_VERSION = 1.1.2;
				PRODUCT_BUNDLE_IDENTIFIER = net.amiantos.PiBar;
				PRODUCT_NAME = "$(TARGET_NAME)";
				SWIFT_VERSION = 5.0;
			};
			name = Debug;
		};
		449395E42471ABD700FA0C34 /* Release */ = {
			isa = XCBuildConfiguration;
			baseConfigurationReference = 08A4966FFD2196F42B1CA80F /* Pods-PiBar.release.xcconfig */;
			buildSettings = {
				ASSETCATALOG_COMPILER_APPICON_NAME = AppIcon;
				CODE_SIGN_ENTITLEMENTS = PiBar/PiBar.entitlements;
				CODE_SIGN_IDENTITY = "Apple Development";
				"CODE_SIGN_IDENTITY[sdk=macosx*]" = "Apple Development";
				CODE_SIGN_STYLE = Automatic;
				COMBINE_HIDPI_IMAGES = YES;
				CURRENT_PROJECT_VERSION = 680;
				DEVELOPMENT_TEAM = 2Y9M69QJKZ;
				ENABLE_HARDENED_RUNTIME = YES;
				FRAMEWORK_SEARCH_PATHS = (
					"$(inherited)",
					"$(PROJECT_DIR)/Carthage/Build/Mac",
				);
				INFOPLIST_FILE = PiBar/Info.plist;
				LD_RUNPATH_SEARCH_PATHS = (
					"$(inherited)",
					"@executable_path/../Frameworks",
				);
				MACOSX_DEPLOYMENT_TARGET = 10.12;
				MARKETING_VERSION = 1.1.2;
				PRODUCT_BUNDLE_IDENTIFIER = net.amiantos.PiBar;
				PRODUCT_NAME = "$(TARGET_NAME)";
				SWIFT_VERSION = 5.0;
			};
			name = Release;
		};
/* End XCBuildConfiguration section */

/* Begin XCConfigurationList section */
		449395CD2471ABD600FA0C34 /* Build configuration list for PBXProject "PiBar" */ = {
			isa = XCConfigurationList;
			buildConfigurations = (
				449395E02471ABD700FA0C34 /* Debug */,
				449395E12471ABD700FA0C34 /* Release */,
			);
			defaultConfigurationIsVisible = 0;
			defaultConfigurationName = Release;
		};
		449395E22471ABD700FA0C34 /* Build configuration list for PBXNativeTarget "PiBar" */ = {
			isa = XCConfigurationList;
			buildConfigurations = (
				449395E32471ABD700FA0C34 /* Debug */,
				449395E42471ABD700FA0C34 /* Release */,
			);
			defaultConfigurationIsVisible = 0;
			defaultConfigurationName = Release;
		};
/* End XCConfigurationList section */
	};
	rootObject = 449395CA2471ABD600FA0C34 /* Project object */;
}
